
Microsoft Visual Studio Solution File, Format Version 12.00
# Visual Studio Version 16
VisualStudioVersion = 16.0.30204.135
MinimumVisualStudioVersion = 10.0.40219.1
Project("{FAE04EC0-301F-11D3-BF4B-00C04F79EFBC}") = "GSDcalc", "GSDcalc.csproj", "{8D66F1E4-15F5-4F2C-A281-FA142D5C92DE}"
EndProject
Global
	GlobalSection(SolutionConfigurationPlatforms) = preSolution
		Debug|Any CPU = Debug|Any CPU
		Release|Any CPU = Release|Any CPU
	EndGlobalSection
	GlobalSection(ProjectConfigurationPlatforms) = postSolution
		{8D66F1E4-15F5-4F2C-A281-FA142D5C92DE}.Debug|Any CPU.ActiveCfg = Debug|Any CPU
		{8D66F1E4-15F5-4F2C-A281-FA142D5C92DE}.Debug|Any CPU.Build.0 = Debug|Any CPU
		{8D66F1E4-15F5-4F2C-A281-FA142D5C92DE}.Release|Any CPU.ActiveCfg = Release|Any CPU
		{8D66F1E4-15F5-4F2C-A281-FA142D5C92DE}.Release|Any CPU.Build.0 = Release|Any CPU
	EndGlobalSection
	GlobalSection(SolutionProperties) = preSolution
		HideSolutionNode = FALSE
	EndGlobalSection
	GlobalSection(ExtensibilityGlobals) = postSolution
		SolutionGuid = {11D63646-C39D-4424-889E-7D3F73B04CE6}
	EndGlobalSection
EndGlobal
